
Microsoft Visual Studio Solution File, Format Version 12.00
# Visual Studio Version 16
VisualStudioVersion = 16.0.29411.108
MinimumVisualStudioVersion = 10.0.40219.1
Project("{FAE04EC0-301F-11D3-BF4B-00C04F79EFBC}") = "PhotoSort", "PhotoSort\PhotoSort.csproj", "{16CEEB91-1EF1-441C-8179-4E1FDF359E2B}"
EndProject
Project("{FAE04EC0-301F-11D3-BF4B-00C04F79EFBC}") = "PhotoSortTest", "PhotoSortTest\PhotoSortTest.csproj", "{C0D6C24D-D061-4ED5-AD0A-D13E48BEBF1C}"
EndProject
Global
	GlobalSection(SolutionConfigurationPlatforms) = preSolution
		Debug|Any CPU = Debug|Any CPU
		Release|Any CPU = Release|Any CPU
	EndGlobalSection
	GlobalSection(ProjectConfigurationPlatforms) = postSolution
		{16CEEB91-1EF1-441C-8179-4E1FDF359E2B}.Debug|Any CPU.ActiveCfg = Debug|Any CPU
		{16CEEB91-1EF1-441C-8179-4E1FDF359E2B}.Debug|Any CPU.Build.0 = Debug|Any CPU
		{16CEEB91-1EF1-441C-8179-4E1FDF359E2B}.Release|Any CPU.ActiveCfg = Release|Any CPU
		{16CEEB91-1EF1-441C-8179-4E1FDF359E2B}.Release|Any CPU.Build.0 = Release|Any CPU
		{C0D6C24D-D061-4ED5-AD0A-D13E48BEBF1C}.Debug|Any CPU.ActiveCfg = Debug|Any CPU
		{C0D6C24D-D061-4ED5-AD0A-D13E48BEBF1C}.Debug|Any CPU.Build.0 = Debug|Any CPU
		{C0D6C24D-D061-4ED5-AD0A-D13E48BEBF1C}.Release|Any CPU.ActiveCfg = Release|Any CPU
		{C0D6C24D-D061-4ED5-AD0A-D13E48BEBF1C}.Release|Any CPU.Build.0 = Release|Any CPU
	EndGlobalSection
	GlobalSection(SolutionProperties) = preSolution
		HideSolutionNode = FALSE
	EndGlobalSection
	GlobalSection(ExtensibilityGlobals) = postSolution
		SolutionGuid = {104823E7-9F72-4914-9929-A48E50726B5C}
	EndGlobalSection
EndGlobal
